
Microsoft Visual Studio Solution File, Format Version 12.00
# Visual Studio Version 17
VisualStudioVersion = 17.9.34607.119
MinimumVisualStudioVersion = 10.0.40219.1
Project("{FAE04EC0-301F-11D3-BF4B-00C04F79EFBC}") = "GA_AbstractClass_Hongfei", "GA_AbstractClass_Hongfei.csproj", "{D763F163-4A80-4AA5-A9FB-E38B549A37E3}"
EndProject
Global
	GlobalSection(SolutionConfigurationPlatforms) = preSolution
		Debug|Any CPU = Debug|Any CPU
		Release|Any CPU = Release|Any CPU
	EndGlobalSection
	GlobalSection(ProjectConfigurationPlatforms) = postSolution
		{D763F163-4A80-4AA5-A9FB-E38B549A37E3}.Debug|Any CPU.ActiveCfg = Debug|Any CPU
		{D763F163-4A80-4AA5-A9FB-E38B549A37E3}.Debug|Any CPU.Build.0 = Debug|Any CPU
		{D763F163-4A80-4AA5-A9FB-E38B549A37E3}.Release|Any CPU.ActiveCfg = Release|Any CPU
		{D763F163-4A80-4AA5-A9FB-E38B549A37E3}.Release|Any CPU.Build.0 = Release|Any CPU
	EndGlobalSection
	GlobalSection(SolutionProperties) = preSolution
		HideSolutionNode = FALSE
	EndGlobalSection
	GlobalSection(ExtensibilityGlobals) = postSolution
		SolutionGuid = {83B54AE6-E5D4-4DF8-AE0D-8FE43678CB5F}
	EndGlobalSection
EndGlobal
